
Microsoft Visual Studio Solution File, Format Version 12.00
# Visual Studio Version 16
VisualStudioVersion = 16.0.31229.75
MinimumVisualStudioVersion = 10.0.40219.1
Project("{FAE04EC0-301F-11D3-BF4B-00C04F79EFBC}") = "MindMilieu.Assignment", "MindMilieu.Assignment\MindMilieu.Assignment.csproj", "{AE7FD772-A731-4FA4-AFA9-617546B0F33B}"
EndProject
Global
	GlobalSection(SolutionConfigurationPlatforms) = preSolution
		Debug|Any CPU = Debug|Any CPU
		Release|Any CPU = Release|Any CPU
	EndGlobalSection
	GlobalSection(ProjectConfigurationPlatforms) = postSolution
		{AE7FD772-A731-4FA4-AFA9-617546B0F33B}.Debug|Any CPU.ActiveCfg = Debug|Any CPU
		{AE7FD772-A731-4FA4-AFA9-617546B0F33B}.Debug|Any CPU.Build.0 = Debug|Any CPU
		{AE7FD772-A731-4FA4-AFA9-617546B0F33B}.Release|Any CPU.ActiveCfg = Release|Any CPU
		{AE7FD772-A731-4FA4-AFA9-617546B0F33B}.Release|Any CPU.Build.0 = Release|Any CPU
	EndGlobalSection
	GlobalSection(SolutionProperties) = preSolution
		HideSolutionNode = FALSE
	EndGlobalSection
	GlobalSection(ExtensibilityGlobals) = postSolution
		SolutionGuid = {1CADD7B6-4C71-42C4-B4D3-67AACCBDC30B}
	EndGlobalSection
EndGlobal
